// !$*UTF8*$!
{
	archiveVersion = 1;
	classes = {
	};
	objectVersion = 77;
	objects = {

/* Begin PBXBuildFile section */
		AABBCCDDEEFF00000000A003 /* MatrixRustSDK in Frameworks */ = {isa = PBXBuildFile; productRef = AABBCCDDEEFF00000000A002 /* MatrixRustSDK */; };
/* End PBXBuildFile section */

/* Begin PBXContainerItemProxy section */
		75A6C4372FB191CF00810847 /* PBXContainerItemProxy */ = {
			isa = PBXContainerItemProxy;
			containerPortal = 75A6C41C2FB191CD00810847 /* Project object */;
			proxyType = 1;
			remoteGlobalIDString = 75A6C4232FB191CD00810847;
			remoteInfo = "Matrix Client";
		};
		75A6C4412FB191CF00810847 /* PBXContainerItemProxy */ = {
			isa = PBXContainerItemProxy;
			containerPortal = 75A6C41C2FB191CD00810847 /* Project object */;
			proxyType = 1;
			remoteGlobalIDString = 75A6C4232FB191CD00810847;
			remoteInfo = "Matrix Client";
		};
/* End PBXContainerItemProxy section */

/* Begin PBXFileReference section */
		75A6C4242FB191CD00810847 /* Matrix Client.app */ = {isa = PBXFileReference; explicitFileType = wrapper.application; includeInIndex = 0; path = "Matrix Client.app"; sourceTree = BUILT_PRODUCTS_DIR; };
		75A6C4362FB191CF00810847 /* Matrix ClientTests.xctest */ = {isa = PBXFileReference; explicitFileType = wrapper.cfbundle; includeInIndex = 0; path = "Matrix ClientTests.xctest"; sourceTree = BUILT_PRODUCTS_DIR; };
		75A6C4402FB191CF00810847 /* Matrix ClientUITests.xctest */ = {isa = PBXFileReference; explicitFileType = wrapper.cfbundle; includeInIndex = 0; path = "Matrix ClientUITests.xctest"; sourceTree = BUILT_PRODUCTS_DIR; };
/* End PBXFileReference section */

/* Begin PBXFileSystemSynchronizedRootGroup section */
		75A6C4262FB191CD00810847 /* Matrix Client */ = {
			isa = PBXFileSystemSynchronizedRootGroup;
			path = "Matrix Client";
			sourceTree = "<group>";
		};
		75A6C4392FB191CF00810847 /* Matrix ClientTests */ = {
			isa = PBXFileSystemSynchronizedRootGroup;
			path = "Matrix ClientTests";
			sourceTree = "<group>";
		};
		75A6C4432FB191CF00810847 /* Matrix ClientUITests */ = {
			isa = PBXFileSystemSynchronizedRootGroup;
			path = "Matrix ClientUITests";
			sourceTree = "<group>";
		};
/* End PBXFileSystemSynchronizedRootGroup section */

/* Begin PBXFrameworksBuildPhase section */
		75A6C4212FB191CD00810847 /* Frameworks */ = {
			isa = PBXFrameworksBuildPhase;
			buildActionMask = 2147483647;
			files = (
				AABBCCDDEEFF00000000A003 /* MatrixRustSDK in Frameworks */,
			);
			runOnlyForDeploymentPostprocessing = 0;
		};
		75A6C4332FB191CF00810847 /* Frameworks */ = {
			isa = PBXFrameworksBuildPhase;
			buildActionMask = 2147483647;
			files = (
			);
			runOnlyForDeploymentPostprocessing = 0;
		};
		75A6C43D2FB191CF00810847 /* Frameworks */ = {
			isa = PBXFrameworksBuildPhase;
			buildActionMask = 2147483647;
			files = (
			);
			runOnlyForDeploymentPostprocessing = 0;
		};
/* End PBXFrameworksBuildPhase section */

/* Begin PBXGroup section */
		75A6C41B2FB191CD00810847 = {
			isa = PBXGroup;
			children = (
				75A6C4262FB191CD00810847 /* Matrix Client */,
				75A6C4392FB191CF00810847 /* Matrix ClientTests */,
				75A6C4432FB191CF00810847 /* Matrix ClientUITests */,
				75A6C4252FB191CD00810847 /* Products */,
			);
			sourceTree = "<group>";
		};
		75A6C4252FB191CD00810847 /* Products */ = {
			isa = PBXGroup;
			children = (
				75A6C4242FB191CD00810847 /* Matrix Client.app */,
				75A6C4362FB191CF00810847 /* Matrix ClientTests.xctest */,
				75A6C4402FB191CF00810847 /* Matrix ClientUITests.xctest */,
			);
			name = Products;
			sourceTree = "<group>";
		};
/* End PBXGroup section */

/* Begin PBXNativeTarget section */
		75A6C4232FB191CD00810847 /* Matrix Client */ = {
			isa = PBXNativeTarget;
			buildConfigurationList = 75A6C44A2FB191CF00810847 /* Build configuration list for PBXNativeTarget "Matrix Client" */;
			buildPhases = (
				75A6C4202FB191CD00810847 /* Sources */,
				75A6C4212FB191CD00810847 /* Frameworks */,
				75A6C4222FB191CD00810847 /* Resources */,
			);
			buildRules = (
			);
			dependencies = (
			);
			fileSystemSynchronizedGroups = (
				75A6C4262FB191CD00810847 /* Matrix Client */,
			);
			name = "Matrix Client";
			packageProductDependencies = (
				AABBCCDDEEFF00000000A002 /* MatrixRustSDK */,
			);
			productName = "Matrix Client";
			productReference = 75A6C4242FB191CD00810847 /* Matrix Client.app */;
			productType = "com.apple.product-type.application";
		};
		75A6C4352FB191CF00810847 /* Matrix ClientTests */ = {
			isa = PBXNativeTarget;
			buildConfigurationList = 75A6C44D2FB191CF00810847 /* Build configuration list for PBXNativeTarget "Matrix ClientTests" */;
			buildPhases = (
				75A6C4322FB191CF00810847 /* Sources */,
				75A6C4332FB191CF00810847 /* Frameworks */,
				75A6C4342FB191CF00810847 /* Resources */,
			);
			buildRules = (
			);
			dependencies = (
				75A6C4382FB191CF00810847 /* PBXTargetDependency */,
			);
			fileSystemSynchronizedGroups = (
				75A6C4392FB191CF00810847 /* Matrix ClientTests */,
			);
			name = "Matrix ClientTests";
			packageProductDependencies = (
			);
			productName = "Matrix ClientTests";
			productReference = 75A6C4362FB191CF00810847 /* Matrix ClientTests.xctest */;
			productType = "com.apple.product-type.bundle.unit-test";
		};
		75A6C43F2FB191CF00810847 /* Matrix ClientUITests */ = {
			isa = PBXNativeTarget;
			buildConfigurationList = 75A6C4502FB191CF00810847 /* Build configuration list for PBXNativeTarget "Matrix ClientUITests" */;
			buildPhases = (
				75A6C43C2FB191CF00810847 /* Sources */,
				75A6C43D2FB191CF00810847 /* Frameworks */,
				75A6C43E2FB191CF00810847 /* Resources */,
			);
			buildRules = (
			);
			dependencies = (
				75A6C4422FB191CF00810847 /* PBXTargetDependency */,
			);
			fileSystemSynchronizedGroups = (
				75A6C4432FB191CF00810847 /* Matrix ClientUITests */,
			);
			name = "Matrix ClientUITests";
			packageProductDependencies = (
			);
			productName = "Matrix ClientUITests";
			productReference = 75A6C4402FB191CF00810847 /* Matrix ClientUITests.xctest */;
			productType = "com.apple.product-type.bundle.ui-testing";
		};
/* End PBXNativeTarget section */

/* Begin PBXProject section */
		75A6C41C2FB191CD00810847 /* Project object */ = {
			isa = PBXProject;
			attributes = {
				BuildIndependentTargetsInParallel = 1;
				LastSwiftUpdateCheck = 2640;
				LastUpgradeCheck = 2640;
				TargetAttributes = {
					75A6C4232FB191CD00810847 = {
						CreatedOnToolsVersion = 26.4;
					};
					75A6C4352FB191CF00810847 = {
						CreatedOnToolsVersion = 26.4;
						TestTargetID = 75A6C4232FB191CD00810847;
					};
					75A6C43F2FB191CF00810847 = {
						CreatedOnToolsVersion = 26.4;
						TestTargetID = 75A6C4232FB191CD00810847;
					};
				};
			};
			buildConfigurationList = 75A6C41F2FB191CD00810847 /* Build configuration list for PBXProject "Matrix Client" */;
			developmentRegion = en;
			hasScannedForEncodings = 0;
			knownRegions = (
				en,
				Base,
			);
			mainGroup = 75A6C41B2FB191CD00810847;
			minimizedProjectReferenceProxies = 1;
			packageReferences = (
				AABBCCDDEEFF00000000A001 /* XCRemoteSwiftPackageReference "matrix-rust-components-swift" */,
			);
			preferredProjectObjectVersion = 77;
			productRefGroup = 75A6C4252FB191CD00810847 /* Products */;
			projectDirPath = "";
			projectRoot = "";
			targets = (
				75A6C4232FB191CD00810847 /* Matrix Client */,
				75A6C4352FB191CF00810847 /* Matrix ClientTests */,
				75A6C43F2FB191CF00810847 /* Matrix ClientUITests */,
			);
		};
/* End PBXProject section */

/* Begin PBXResourcesBuildPhase section */
		75A6C4222FB191CD00810847 /* Resources */ = {
			isa = PBXResourcesBuildPhase;
			buildActionMask = 2147483647;
			files = (
			);
			runOnlyForDeploymentPostprocessing = 0;
		};
		75A6C4342FB191CF00810847 /* Resources */ = {
			isa = PBXResourcesBuildPhase;
			buildActionMask = 2147483647;
			files = (
			);
			runOnlyForDeploymentPostprocessing = 0;
		};
		75A6C43E2FB191CF00810847 /* Resources */ = {
			isa = PBXResourcesBuildPhase;
			buildActionMask = 2147483647;
			files = (
			);
			runOnlyForDeploymentPostprocessing = 0;
		};
/* End PBXResourcesBuildPhase section */

/* Begin PBXSourcesBuildPhase section */
		75A6C4202FB191CD00810847 /* Sources */ = {
			isa = PBXSourcesBuildPhase;
			buildActionMask = 2147483647;
			files = (
			);
			runOnlyForDeploymentPostprocessing = 0;
		};
		75A6C4322FB191CF00810847 /* Sources */ = {
			isa = PBXSourcesBuildPhase;
			buildActionMask = 2147483647;
			files = (
			);
			runOnlyForDeploymentPostprocessing = 0;
		};
		75A6C43C2FB191CF00810847 /* Sources */ = {
			isa = PBXSourcesBuildPhase;
			buildActionMask = 2147483647;
			files = (
			);
			runOnlyForDeploymentPostprocessing = 0;
		};
/* End PBXSourcesBuildPhase section */

/* Begin PBXTargetDependency section */
		75A6C4382FB191CF00810847 /* PBXTargetDependency */ = {
			isa = PBXTargetDependency;
			target = 75A6C4232FB191CD00810847 /* Matrix Client */;
			targetProxy = 75A6C4372FB191CF00810847 /* PBXContainerItemProxy */;
		};
		75A6C4422FB191CF00810847 /* PBXTargetDependency */ = {
			isa = PBXTargetDependency;
			target = 75A6C4232FB191CD00810847 /* Matrix Client */;
			targetProxy = 75A6C4412FB191CF00810847 /* PBXContainerItemProxy */;
		};
/* End PBXTargetDependency section */

/* Begin XCBuildConfiguration section */
		75A6C4482FB191CF00810847 /* Debug */ = {
			isa = XCBuildConfiguration;
			buildSettings = {
				ALWAYS_SEARCH_USER_PATHS = NO;
				ASSETCATALOG_COMPILER_GENERATE_SWIFT_ASSET_SYMBOL_EXTENSIONS = YES;
				CLANG_ANALYZER_NONNULL = YES;
				CLANG_ANALYZER_NUMBER_OBJECT_CONVERSION = YES_AGGRESSIVE;
				CLANG_CXX_LANGUAGE_STANDARD = "gnu++20";
				CLANG_ENABLE_MODULES = YES;
				CLANG_ENABLE_OBJC_ARC = YES;
				CLANG_ENABLE_OBJC_WEAK = YES;
				CLANG_WARN_BLOCK_CAPTURE_AUTORELEASING = YES;
				CLANG_WARN_BOOL_CONVERSION = YES;
				CLANG_WARN_COMMA = YES;
				CLANG_WARN_CONSTANT_CONVERSION = YES;
				CLANG_WARN_DEPRECATED_OBJC_IMPLEMENTATIONS = YES;
				CLANG_WARN_DIRECT_OBJC_ISA_USAGE = YES_ERROR;
				CLANG_WARN_DOCUMENTATION_COMMENTS = YES;
				CLANG_WARN_EMPTY_BODY = YES;
				CLANG_WARN_ENUM_CONVERSION = YES;
				CLANG_WARN_INFINITE_RECURSION = YES;
				CLANG_WARN_INT_CONVERSION = YES;
				CLANG_WARN_NON_LITERAL_NULL_CONVERSION = YES;
				CLANG_WARN_OBJC_IMPLICIT_RETAIN_SELF = YES;
				CLANG_WARN_OBJC_LITERAL_CONVERSION = YES;
				CLANG_WARN_OBJC_ROOT_CLASS = YES_ERROR;
				CLANG_WARN_QUOTED_INCLUDE_IN_FRAMEWORK_HEADER = YES;
				CLANG_WARN_RANGE_LOOP_ANALYSIS = YES;
				CLANG_WARN_STRICT_PROTOTYPES = YES;
				CLANG_WARN_SUSPICIOUS_MOVE = YES;
				CLANG_WARN_UNGUARDED_AVAILABILITY = YES_AGGRESSIVE;
				CLANG_WARN_UNREACHABLE_CODE = YES;
				CLANG_WARN__DUPLICATE_METHOD_MATCH = YES;
				COPY_PHASE_STRIP = NO;
				DEBUG_INFORMATION_FORMAT = dwarf;
				DEVELOPMENT_TEAM = 54D226W6J3;
				ENABLE_STRICT_OBJC_MSGSEND = YES;
				ENABLE_TESTABILITY = YES;
				ENABLE_USER_SCRIPT_SANDBOXING = YES;
				GCC_C_LANGUAGE_STANDARD = gnu17;
				GCC_DYNAMIC_NO_PIC = NO;
				GCC_NO_COMMON_BLOCKS = YES;
				GCC_OPTIMIZATION_LEVEL = 0;
				GCC_PREPROCESSOR_DEFINITIONS = (
					"DEBUG=1",
					"$(inherited)",
				);
				GCC_WARN_64_TO_32_BIT_CONVERSION = YES;
				GCC_WARN_ABOUT_RETURN_TYPE = YES_ERROR;
				GCC_WARN_UNDECLARED_SELECTOR = YES;
				GCC_WARN_UNINITIALIZED_AUTOS = YES_AGGRESSIVE;
				GCC_WARN_UNUSED_FUNCTION = YES;
				GCC_WARN_UNUSED_VARIABLE = YES;
				LOCALIZATION_PREFERS_STRING_CATALOGS = YES;
				MACOSX_DEPLOYMENT_TARGET = 26.3;
				MTL_ENABLE_DEBUG_INFO = INCLUDE_SOURCE;
				MTL_FAST_MATH = YES;
				ONLY_ACTIVE_ARCH = YES;
				SDKROOT = macosx;
				SWIFT_ACTIVE_COMPILATION_CONDITIONS = "DEBUG $(inherited)";
				SWIFT_OPTIMIZATION_LEVEL = "-Onone";
			};
			name = Debug;
		};
		75A6C4492FB191CF00810847 /* Release */ = {
			isa = XCBuildConfiguration;
			buildSettings = {
				ALWAYS_SEARCH_USER_PATHS = NO;
				ASSETCATALOG_COMPILER_GENERATE_SWIFT_ASSET_SYMBOL_EXTENSIONS = YES;
				CLANG_ANALYZER_NONNULL = YES;
				CLANG_ANALYZER_NUMBER_OBJECT_CONVERSION = YES_AGGRESSIVE;
				CLANG_CXX_LANGUAGE_STANDARD = "gnu++20";
				CLANG_ENABLE_MODULES = YES;
				CLANG_ENABLE_OBJC_ARC = YES;
				CLANG_ENABLE_OBJC_WEAK = YES;
				CLANG_WARN_BLOCK_CAPTURE_AUTORELEASING = YES;
				CLANG_WARN_BOOL_CONVERSION = YES;
				CLANG_WARN_COMMA = YES;
				CLANG_WARN_CONSTANT_CONVERSION = YES;
				CLANG_WARN_DEPRECATED_OBJC_IMPLEMENTATIONS = YES;
				CLANG_WARN_DIRECT_OBJC_ISA_USAGE = YES_ERROR;
				CLANG_WARN_DOCUMENTATION_COMMENTS = YES;
				CLANG_WARN_EMPTY_BODY = YES;
				CLANG_WARN_ENUM_CONVERSION = YES;
				CLANG_WARN_INFINITE_RECURSION = YES;
				CLANG_WARN_INT_CONVERSION = YES;
				CLANG_WARN_NON_LITERAL_NULL_CONVERSION = YES;
				CLANG_WARN_OBJC_IMPLICIT_RETAIN_SELF = YES;
				CLANG_WARN_OBJC_LITERAL_CONVERSION = YES;
				CLANG_WARN_OBJC_ROOT_CLASS = YES_ERROR;
				CLANG_WARN_QUOTED_INCLUDE_IN_FRAMEWORK_HEADER = YES;
				CLANG_WARN_RANGE_LOOP_ANALYSIS = YES;
				CLANG_WARN_STRICT_PROTOTYPES = YES;
				CLANG_WARN_SUSPICIOUS_MOVE = YES;
				CLANG_WARN_UNGUARDED_AVAILABILITY = YES_AGGRESSIVE;
				CLANG_WARN_UNREACHABLE_CODE = YES;
				CLANG_WARN__DUPLICATE_METHOD_MATCH = YES;
				COPY_PHASE_STRIP = NO;
				DEBUG_INFORMATION_FORMAT = "dwarf-with-dsym";
				DEVELOPMENT_TEAM = 54D226W6J3;
				ENABLE_NS_ASSERTIONS = NO;
				ENABLE_STRICT_OBJC_MSGSEND = YES;
				ENABLE_USER_SCRIPT_SANDBOXING = YES;
				GCC_C_LANGUAGE_STANDARD = gnu17;
				GCC_NO_COMMON_BLOCKS = YES;
				GCC_WARN_64_TO_32_BIT_CONVERSION = YES;
				GCC_WARN_ABOUT_RETURN_TYPE = YES_ERROR;
				GCC_WARN_UNDECLARED_SELECTOR = YES;
				GCC_WARN_UNINITIALIZED_AUTOS = YES_AGGRESSIVE;
				GCC_WARN_UNUSED_FUNCTION = YES;
				GCC_WARN_UNUSED_VARIABLE = YES;
				LOCALIZATION_PREFERS_STRING_CATALOGS = YES;
				MACOSX_DEPLOYMENT_TARGET = 26.3;
				MTL_ENABLE_DEBUG_INFO = NO;
				MTL_FAST_MATH = YES;
				SDKROOT = macosx;
				SWIFT_COMPILATION_MODE = wholemodule;
			};
			name = Release;
		};
		75A6C44B2FB191CF00810847 /* Debug */ = {
			isa = XCBuildConfiguration;
			buildSettings = {
				ASSETCATALOG_COMPILER_APPICON_NAME = AppIcon;
				ASSETCATALOG_COMPILER_GLOBAL_ACCENT_COLOR_NAME = AccentColor;
				CODE_SIGN_ENTITLEMENTS = "Matrix Client/Matrix Client.entitlements";
				CODE_SIGN_STYLE = Automatic;
				COMBINE_HIDPI_IMAGES = YES;
				CURRENT_PROJECT_VERSION = 1;
				DEVELOPMENT_TEAM = 54D226W6J3;
				ENABLE_APP_SANDBOX = YES;
				ENABLE_HARDENED_RUNTIME = YES;
				ENABLE_PREVIEWS = YES;
				ENABLE_USER_SELECTED_FILES = readonly;
				GENERATE_INFOPLIST_FILE = YES;
				INFOPLIST_KEY_NSHumanReadableCopyright = "";
				LD_RUNPATH_SEARCH_PATHS = (
					"$(inherited)",
					"@executable_path/../Frameworks",
				);
				MARKETING_VERSION = 1.0;
				PRODUCT_BUNDLE_IDENTIFIER = "tejaspatel.Matrix-Client";
				PRODUCT_NAME = "$(TARGET_NAME)";
				REGISTER_APP_GROUPS = YES;
				STRING_CATALOG_GENERATE_SYMBOLS = YES;
				SWIFT_APPROACHABLE_CONCURRENCY = YES;
				SWIFT_DEFAULT_ACTOR_ISOLATION = MainActor;
				SWIFT_EMIT_LOC_STRINGS = YES;
				SWIFT_UPCOMING_FEATURE_MEMBER_IMPORT_VISIBILITY = YES;
				SWIFT_VERSION = 5.0;
			};
			name = Debug;
		};
		75A6C44C2FB191CF00810847 /* Release */ = {
			isa = XCBuildConfiguration;
			buildSettings = {
				ASSETCATALOG_COMPILER_APPICON_NAME = AppIcon;
				ASSETCATALOG_COMPILER_GLOBAL_ACCENT_COLOR_NAME = AccentColor;
				CODE_SIGN_ENTITLEMENTS = "Matrix Client/Matrix Client.entitlements";
				CODE_SIGN_STYLE = Automatic;
				COMBINE_HIDPI_IMAGES = YES;
				CURRENT_PROJECT_VERSION = 1;
				DEVELOPMENT_TEAM = 54D226W6J3;
				ENABLE_APP_SANDBOX = YES;
				ENABLE_HARDENED_RUNTIME = YES;
				ENABLE_PREVIEWS = YES;
				ENABLE_USER_SELECTED_FILES = readonly;
				GENERATE_INFOPLIST_FILE = YES;
				INFOPLIST_KEY_NSHumanReadableCopyright = "";
				LD_RUNPATH_SEARCH_PATHS = (
					"$(inherited)",
					"@executable_path/../Frameworks",
				);
				MARKETING_VERSION = 1.0;
				PRODUCT_BUNDLE_IDENTIFIER = "tejaspatel.Matrix-Client";
				PRODUCT_NAME = "$(TARGET_NAME)";
				REGISTER_APP_GROUPS = YES;
				STRING_CATALOG_GENERATE_SYMBOLS = YES;
				SWIFT_APPROACHABLE_CONCURRENCY = YES;
				SWIFT_DEFAULT_ACTOR_ISOLATION = MainActor;
				SWIFT_EMIT_LOC_STRINGS = YES;
				SWIFT_UPCOMING_FEATURE_MEMBER_IMPORT_VISIBILITY = YES;
				SWIFT_VERSION = 5.0;
			};
			name = Release;
		};
		75A6C44E2FB191CF00810847 /* Debug */ = {
			isa = XCBuildConfiguration;
			buildSettings = {
				BUNDLE_LOADER = "$(TEST_HOST)";
				CODE_SIGN_STYLE = Automatic;
				CURRENT_PROJECT_VERSION = 1;
				DEVELOPMENT_TEAM = 54D226W6J3;
				GENERATE_INFOPLIST_FILE = YES;
				MACOSX_DEPLOYMENT_TARGET = 26.3;
				MARKETING_VERSION = 1.0;
				PRODUCT_BUNDLE_IDENTIFIER = "tejaspatel.Matrix-ClientTests";
				PRODUCT_NAME = "$(TARGET_NAME)";
				STRING_CATALOG_GENERATE_SYMBOLS = NO;
				SWIFT_APPROACHABLE_CONCURRENCY = YES;
				SWIFT_EMIT_LOC_STRINGS = NO;
				SWIFT_UPCOMING_FEATURE_MEMBER_IMPORT_VISIBILITY = YES;
				SWIFT_VERSION = 5.0;
				TEST_HOST = "$(BUILT_PRODUCTS_DIR)/Matrix Client.app/$(BUNDLE_EXECUTABLE_FOLDER_PATH)/Matrix Client";
			};
			name = Debug;
		};
		75A6C44F2FB191CF00810847 /* Release */ = {
			isa = XCBuildConfiguration;
			buildSettings = {
				BUNDLE_LOADER = "$(TEST_HOST)";
				CODE_SIGN_STYLE = Automatic;
				CURRENT_PROJECT_VERSION = 1;
				DEVELOPMENT_TEAM = 54D226W6J3;
				GENERATE_INFOPLIST_FILE = YES;
				MACOSX_DEPLOYMENT_TARGET = 26.3;
				MARKETING_VERSION = 1.0;
				PRODUCT_BUNDLE_IDENTIFIER = "tejaspatel.Matrix-ClientTests";
				PRODUCT_NAME = "$(TARGET_NAME)";
				STRING_CATALOG_GENERATE_SYMBOLS = NO;
				SWIFT_APPROACHABLE_CONCURRENCY = YES;
				SWIFT_EMIT_LOC_STRINGS = NO;
				SWIFT_UPCOMING_FEATURE_MEMBER_IMPORT_VISIBILITY = YES;
				SWIFT_VERSION = 5.0;
				TEST_HOST = "$(BUILT_PRODUCTS_DIR)/Matrix Client.app/$(BUNDLE_EXECUTABLE_FOLDER_PATH)/Matrix Client";
			};
			name = Release;
		};
		75A6C4512FB191CF00810847 /* Debug */ = {
			isa = XCBuildConfiguration;
			buildSettings = {
				CODE_SIGN_STYLE = Automatic;
				CURRENT_PROJECT_VERSION = 1;
				DEVELOPMENT_TEAM = 54D226W6J3;
				GENERATE_INFOPLIST_FILE = YES;
				MARKETING_VERSION = 1.0;
				PRODUCT_BUNDLE_IDENTIFIER = "tejaspatel.Matrix-ClientUITests";
				PRODUCT_NAME = "$(TARGET_NAME)";
				STRING_CATALOG_GENERATE_SYMBOLS = NO;
				SWIFT_APPROACHABLE_CONCURRENCY = YES;
				SWIFT_EMIT_LOC_STRINGS = NO;
				SWIFT_UPCOMING_FEATURE_MEMBER_IMPORT_VISIBILITY = YES;
				SWIFT_VERSION = 5.0;
				TEST_TARGET_NAME = "Matrix Client";
			};
			name = Debug;
		};
		75A6C4522FB191CF00810847 /* Release */ = {
			isa = XCBuildConfiguration;
			buildSettings = {
				CODE_SIGN_STYLE = Automatic;
				CURRENT_PROJECT_VERSION = 1;
				DEVELOPMENT_TEAM = 54D226W6J3;
				GENERATE_INFOPLIST_FILE = YES;
				MARKETING_VERSION = 1.0;
				PRODUCT_BUNDLE_IDENTIFIER = "tejaspatel.Matrix-ClientUITests";
				PRODUCT_NAME = "$(TARGET_NAME)";
				STRING_CATALOG_GENERATE_SYMBOLS = NO;
				SWIFT_APPROACHABLE_CONCURRENCY = YES;
				SWIFT_EMIT_LOC_STRINGS = NO;
				SWIFT_UPCOMING_FEATURE_MEMBER_IMPORT_VISIBILITY = YES;
				SWIFT_VERSION = 5.0;
				TEST_TARGET_NAME = "Matrix Client";
			};
			name = Release;
		};
/* End XCBuildConfiguration section */

/* Begin XCConfigurationList section */
		75A6C41F2FB191CD00810847 /* Build configuration list for PBXProject "Matrix Client" */ = {
			isa = XCConfigurationList;
			buildConfigurations = (
				75A6C4482FB191CF00810847 /* Debug */,
				75A6C4492FB191CF00810847 /* Release */,
			);
			defaultConfigurationIsVisible = 0;
			defaultConfigurationName = Release;
		};
		75A6C44A2FB191CF00810847 /* Build configuration list for PBXNativeTarget "Matrix Client" */ = {
			isa = XCConfigurationList;
			buildConfigurations = (
				75A6C44B2FB191CF00810847 /* Debug */,
				75A6C44C2FB191CF00810847 /* Release */,
			);
			defaultConfigurationIsVisible = 0;
			defaultConfigurationName = Release;
		};
		75A6C44D2FB191CF00810847 /* Build configuration list for PBXNativeTarget "Matrix ClientTests" */ = {
			isa = XCConfigurationList;
			buildConfigurations = (
				75A6C44E2FB191CF00810847 /* Debug */,
				75A6C44F2FB191CF00810847 /* Release */,
			);
			defaultConfigurationIsVisible = 0;
			defaultConfigurationName = Release;
		};
		75A6C4502FB191CF00810847 /* Build configuration list for PBXNativeTarget "Matrix ClientUITests" */ = {
			isa = XCConfigurationList;
			buildConfigurations = (
				75A6C4512FB191CF00810847 /* Debug */,
				75A6C4522FB191CF00810847 /* Release */,
			);
			defaultConfigurationIsVisible = 0;
			defaultConfigurationName = Release;
		};
/* End XCConfigurationList section */

/* Begin XCRemoteSwiftPackageReference section */
		AABBCCDDEEFF00000000A001 /* XCRemoteSwiftPackageReference "matrix-rust-components-swift" */ = {
			isa = XCRemoteSwiftPackageReference;
			repositoryURL = "https://github.com/matrix-org/matrix-rust-components-swift";
			requirement = {
				kind = exactVersion;
				version = 26.04.01;
			};
		};
/* End XCRemoteSwiftPackageReference section */

/* Begin XCSwiftPackageProductDependency section */
		AABBCCDDEEFF00000000A002 /* MatrixRustSDK */ = {
			isa = XCSwiftPackageProductDependency;
			package = AABBCCDDEEFF00000000A001 /* XCRemoteSwiftPackageReference "matrix-rust-components-swift" */;
			productName = MatrixRustSDK;
		};
/* End XCSwiftPackageProductDependency section */
	};
	rootObject = 75A6C41C2FB191CD00810847 /* Project object */;
}
